
Microsoft Visual Studio Solution File, Format Version 12.00
# Visual Studio Version 17
VisualStudioVersion = 17.5.33530.505
MinimumVisualStudioVersion = 10.0.40219.1
Project("{FAE04EC0-301F-11D3-BF4B-00C04F79EFBC}") = "EntityFrameworkMVC", "EntityFrameworkMVC.csproj", "{4083B636-F5EE-4E56-B7D1-BBBBF5804053}"
EndProject
Global
	GlobalSection(SolutionConfigurationPlatforms) = preSolution
		Debug|Any CPU = Debug|Any CPU
		Release|Any CPU = Release|Any CPU
	EndGlobalSection
	GlobalSection(ProjectConfigurationPlatforms) = postSolution
		{4083B636-F5EE-4E56-B7D1-BBBBF5804053}.Debug|Any CPU.ActiveCfg = Debug|Any CPU
		{4083B636-F5EE-4E56-B7D1-BBBBF5804053}.Debug|Any CPU.Build.0 = Debug|Any CPU
		{4083B636-F5EE-4E56-B7D1-BBBBF5804053}.Release|Any CPU.ActiveCfg = Release|Any CPU
		{4083B636-F5EE-4E56-B7D1-BBBBF5804053}.Release|Any CPU.Build.0 = Release|Any CPU
	EndGlobalSection
	GlobalSection(SolutionProperties) = preSolution
		HideSolutionNode = FALSE
	EndGlobalSection
	GlobalSection(ExtensibilityGlobals) = postSolution
		SolutionGuid = {238AA173-95C9-4395-BD46-6E73FB3EFD61}
	EndGlobalSection
EndGlobal
